
Microsoft Visual Studio Solution File, Format Version 12.00
# Visual Studio Version 16
VisualStudioVersion = 16.0.30523.141
MinimumVisualStudioVersion = 10.0.40219.1
Project("{FAE04EC0-301F-11D3-BF4B-00C04F79EFBC}") = "Assignment_Fall_20-21", "Assignment_Fall_20-21.csproj", "{CFB31C68-385C-44D3-B95F-EEFEEF880A43}"
EndProject
Global
	GlobalSection(SolutionConfigurationPlatforms) = preSolution
		Debug|Any CPU = Debug|Any CPU
		Release|Any CPU = Release|Any CPU
	EndGlobalSection
	GlobalSection(ProjectConfigurationPlatforms) = postSolution
		{CFB31C68-385C-44D3-B95F-EEFEEF880A43}.Debug|Any CPU.ActiveCfg = Debug|Any CPU
		{CFB31C68-385C-44D3-B95F-EEFEEF880A43}.Debug|Any CPU.Build.0 = Debug|Any CPU
		{CFB31C68-385C-44D3-B95F-EEFEEF880A43}.Release|Any CPU.ActiveCfg = Release|Any CPU
		{CFB31C68-385C-44D3-B95F-EEFEEF880A43}.Release|Any CPU.Build.0 = Release|Any CPU
	EndGlobalSection
	GlobalSection(SolutionProperties) = preSolution
		HideSolutionNode = FALSE
	EndGlobalSection
	GlobalSection(ExtensibilityGlobals) = postSolution
		SolutionGuid = {8A4E9936-2D0C-4F31-85AB-BF2803B22C39}
	EndGlobalSection
EndGlobal
